
Microsoft Visual Studio Solution File, Format Version 12.00
# Visual Studio Version 16
VisualStudioVersion = 16.0.30011.22
MinimumVisualStudioVersion = 10.0.40219.1
Project("{9092AA53-FB77-4645-B42D-1CCCA6BD08BD}") = "JS", "JS\JS.njsproj", "{BDD1AEFA-D375-4CF7-B597-2FDD4CDCED50}"
EndProject
Global
	GlobalSection(SolutionConfigurationPlatforms) = preSolution
		Debug|Any CPU = Debug|Any CPU
		Release|Any CPU = Release|Any CPU
	EndGlobalSection
	GlobalSection(ProjectConfigurationPlatforms) = postSolution
		{BDD1AEFA-D375-4CF7-B597-2FDD4CDCED50}.Debug|Any CPU.ActiveCfg = Debug|Any CPU
		{BDD1AEFA-D375-4CF7-B597-2FDD4CDCED50}.Debug|Any CPU.Build.0 = Debug|Any CPU
		{BDD1AEFA-D375-4CF7-B597-2FDD4CDCED50}.Release|Any CPU.ActiveCfg = Release|Any CPU
		{BDD1AEFA-D375-4CF7-B597-2FDD4CDCED50}.Release|Any CPU.Build.0 = Release|Any CPU
	EndGlobalSection
	GlobalSection(SolutionProperties) = preSolution
		HideSolutionNode = FALSE
	EndGlobalSection
	GlobalSection(ExtensibilityGlobals) = postSolution
		SolutionGuid = {DB06FA23-F971-4B63-8E37-FAB8D7ACEB68}
	EndGlobalSection
EndGlobal
