
Microsoft Visual Studio Solution File, Format Version 12.00
# Visual Studio Version 16
VisualStudioVersion = 16.0.30128.74
MinimumVisualStudioVersion = 10.0.40219.1
Project("{FAE04EC0-301F-11D3-BF4B-00C04F79EFBC}") = "ServerSuperSocket1x", "ServerSuperSocket1x\ServerSuperSocket1x.csproj", "{271E5F2F-5590-4FCF-A547-33E6DDF25A31}"
EndProject
Global
	GlobalSection(SolutionConfigurationPlatforms) = preSolution
		Debug|Any CPU = Debug|Any CPU
		Release|Any CPU = Release|Any CPU
	EndGlobalSection
	GlobalSection(ProjectConfigurationPlatforms) = postSolution
		{271E5F2F-5590-4FCF-A547-33E6DDF25A31}.Debug|Any CPU.ActiveCfg = Debug|Any CPU
		{271E5F2F-5590-4FCF-A547-33E6DDF25A31}.Debug|Any CPU.Build.0 = Debug|Any CPU
		{271E5F2F-5590-4FCF-A547-33E6DDF25A31}.Release|Any CPU.ActiveCfg = Release|Any CPU
		{271E5F2F-5590-4FCF-A547-33E6DDF25A31}.Release|Any CPU.Build.0 = Release|Any CPU
	EndGlobalSection
	GlobalSection(SolutionProperties) = preSolution
		HideSolutionNode = FALSE
	EndGlobalSection
	GlobalSection(ExtensibilityGlobals) = postSolution
		SolutionGuid = {18F0A56D-434D-4BA2-9DA2-47D480B2B56C}
	EndGlobalSection
EndGlobal
